
Microsoft Visual Studio Solution File, Format Version 12.00
# Visual Studio Version 16
VisualStudioVersion = 16.0.29009.5
MinimumVisualStudioVersion = 10.0.40219.1
Project("{FAE04EC0-301F-11D3-BF4B-00C04F79EFBC}") = "Fitts`s Law", "Fitts`s Law.csproj", "{B99AC797-CCAA-45F2-80D3-EBFD08109C37}"
EndProject
Global
	GlobalSection(SolutionConfigurationPlatforms) = preSolution
		Debug|Any CPU = Debug|Any CPU
		Release|Any CPU = Release|Any CPU
	EndGlobalSection
	GlobalSection(ProjectConfigurationPlatforms) = postSolution
		{B99AC797-CCAA-45F2-80D3-EBFD08109C37}.Debug|Any CPU.ActiveCfg = Debug|Any CPU
		{B99AC797-CCAA-45F2-80D3-EBFD08109C37}.Debug|Any CPU.Build.0 = Debug|Any CPU
		{B99AC797-CCAA-45F2-80D3-EBFD08109C37}.Release|Any CPU.ActiveCfg = Release|Any CPU
		{B99AC797-CCAA-45F2-80D3-EBFD08109C37}.Release|Any CPU.Build.0 = Release|Any CPU
	EndGlobalSection
	GlobalSection(SolutionProperties) = preSolution
		HideSolutionNode = FALSE
	EndGlobalSection
	GlobalSection(ExtensibilityGlobals) = postSolution
		SolutionGuid = {38368136-C0E8-4C0B-B87E-C7C22686F089}
	EndGlobalSection
EndGlobal
